
Microsoft Visual Studio Solution File, Format Version 12.00
# Visual Studio 2012
Project("{FAE04EC0-301F-11D3-BF4B-00C04F79EFBC}") = "AutoHorizontalScrollIssue", "AutoHorizontalScrollIssue\AutoHorizontalScrollIssue.csproj", "{22A38368-7F3B-432F-9344-FC70E03911CA}"
EndProject
Global
	GlobalSection(SolutionConfigurationPlatforms) = preSolution
		Debug|Any CPU = Debug|Any CPU
		Release|Any CPU = Release|Any CPU
	EndGlobalSection
	GlobalSection(ProjectConfigurationPlatforms) = postSolution
		{22A38368-7F3B-432F-9344-FC70E03911CA}.Debug|Any CPU.ActiveCfg = Debug|Any CPU
		{22A38368-7F3B-432F-9344-FC70E03911CA}.Debug|Any CPU.Build.0 = Debug|Any CPU
		{22A38368-7F3B-432F-9344-FC70E03911CA}.Release|Any CPU.ActiveCfg = Release|Any CPU
		{22A38368-7F3B-432F-9344-FC70E03911CA}.Release|Any CPU.Build.0 = Release|Any CPU
	EndGlobalSection
	GlobalSection(SolutionProperties) = preSolution
		HideSolutionNode = FALSE
	EndGlobalSection
EndGlobal
